// !$*UTF8*$!
{ archiveVersion = 1; classes = {}; objectVersion = 56; objects = {
000000000000000000000001 = { isa = PBXProject; attributes = { LastUpgradeCheck = 2660; }; buildConfigurationList = 00000000000000000000000B; compatibilityVersion = "Xcode 14.0"; developmentRegion = en; knownRegions = (en, Base); mainGroup = 000000000000000000000002; productRefGroup = 000000000000000000000003; projectDirPath = ""; projectRoot = ""; targets = (00000000000000000000000A, 000000000000000000000015); };
000000000000000000000002 = { isa = PBXGroup; children = (00000000000000000000001B, 000000000000000000000004, 000000000000000000000012, 000000000000000000000003); sourceTree = "<group>"; };
000000000000000000000003 = { isa = PBXGroup; children = (000000000000000000000005, 000000000000000000000011); name = Products; sourceTree = "<group>"; };
000000000000000000000004 = { isa = PBXFileReference; lastKnownFileType = sourcecode.swift; path = AuxiloCompanionApp.swift; sourceTree = "<group>"; };
000000000000000000000005 = { isa = PBXFileReference; explicitFileType = wrapper.application; path = AuxiloCompanion.app; sourceTree = BUILT_PRODUCTS_DIR; };
000000000000000000000006 = { isa = PBXBuildFile; fileRef = 000000000000000000000004; };
000000000000000000000007 = { isa = PBXSourcesBuildPhase; buildActionMask = 2147483647; files = (000000000000000000000006); runOnlyForDeploymentPostprocessing = 0; };
000000000000000000000008 = { isa = PBXResourcesBuildPhase; buildActionMask = 2147483647; files = (00000000000000000000001C); runOnlyForDeploymentPostprocessing = 0; };
000000000000000000000009 = { isa = PBXFrameworksBuildPhase; buildActionMask = 2147483647; files = (); runOnlyForDeploymentPostprocessing = 0; };
00000000000000000000000A = { isa = PBXNativeTarget; buildConfigurationList = 00000000000000000000000C; buildPhases = (000000000000000000000007, 000000000000000000000009, 000000000000000000000008); buildRules = (); dependencies = (); name = AuxiloCompanion; productName = AuxiloCompanion; productReference = 000000000000000000000005; productType = "com.apple.product-type.application"; };
00000000000000000000000B = { isa = XCConfigurationList; buildConfigurations = (00000000000000000000000D, 00000000000000000000000E); defaultConfigurationIsVisible = 0; defaultConfigurationName = Release; };
00000000000000000000000C = { isa = XCConfigurationList; buildConfigurations = (00000000000000000000000F, 000000000000000000000010); defaultConfigurationIsVisible = 0; defaultConfigurationName = Release; };
000000000000000000000016 = { isa = XCConfigurationList; buildConfigurations = (000000000000000000000017, 000000000000000000000018); defaultConfigurationIsVisible = 0; defaultConfigurationName = Release; };
00000000000000000000000D = { isa = XCBuildConfiguration; name = Debug; buildSettings = { SDKROOT = iphoneos; IPHONEOS_DEPLOYMENT_TARGET = 17.0; SWIFT_VERSION = 5.0; CLANG_ENABLE_MODULES = YES; SWIFT_OPTIMIZATION_LEVEL = "-Onone"; ENABLE_TESTABILITY = YES; DEBUG_INFORMATION_FORMAT = dwarf; }; };
00000000000000000000000E = { isa = XCBuildConfiguration; name = Release; buildSettings = { SDKROOT = iphoneos; IPHONEOS_DEPLOYMENT_TARGET = 17.0; SWIFT_VERSION = 5.0; CLANG_ENABLE_MODULES = YES; SWIFT_OPTIMIZATION_LEVEL = "-O"; DEBUG_INFORMATION_FORMAT = "dwarf-with-dsym"; VALIDATE_PRODUCT = YES; }; };
00000000000000000000000F = { isa = XCBuildConfiguration; name = Debug; buildSettings = { PRODUCT_BUNDLE_IDENTIFIER = com.digitalsandboxlabs.auxilo; PRODUCT_NAME = "$(TARGET_NAME)"; INFOPLIST_FILE = Info.plist; INFOPLIST_KEY_CFBundleDisplayName = "Auxilo"; ASSETCATALOG_COMPILER_APPICON_NAME = AppIcon; CODE_SIGN_STYLE = Automatic; DEVELOPMENT_TEAM = 4873VMS3TY; TARGETED_DEVICE_FAMILY = "1,2"; SUPPORTED_PLATFORMS = "iphoneos iphonesimulator"; MARKETING_VERSION = 1.0; CURRENT_PROJECT_VERSION = 1; SWIFT_EMIT_LOC_STRINGS = YES; }; };
000000000000000000000010 = { isa = XCBuildConfiguration; name = Release; buildSettings = { PRODUCT_BUNDLE_IDENTIFIER = com.digitalsandboxlabs.auxilo; PRODUCT_NAME = "$(TARGET_NAME)"; INFOPLIST_FILE = Info.plist; INFOPLIST_KEY_CFBundleDisplayName = "Auxilo"; ASSETCATALOG_COMPILER_APPICON_NAME = AppIcon; CODE_SIGN_STYLE = Automatic; DEVELOPMENT_TEAM = 4873VMS3TY; TARGETED_DEVICE_FAMILY = "1,2"; SUPPORTED_PLATFORMS = "iphoneos iphonesimulator"; MARKETING_VERSION = 1.0; CURRENT_PROJECT_VERSION = 1; SWIFT_EMIT_LOC_STRINGS = YES; }; };
000000000000000000000011 = { isa = PBXFileReference; explicitFileType = wrapper.cfbundle; path = AuxiloCompanionUITests.xctest; sourceTree = BUILT_PRODUCTS_DIR; };
000000000000000000000012 = { isa = PBXFileReference; lastKnownFileType = sourcecode.swift; path = AuxiloCompanionUITests.swift; sourceTree = "<group>"; };
000000000000000000000013 = { isa = PBXBuildFile; fileRef = 000000000000000000000012; };
000000000000000000000014 = { isa = PBXSourcesBuildPhase; buildActionMask = 2147483647; files = (000000000000000000000013); runOnlyForDeploymentPostprocessing = 0; };
000000000000000000000015 = { isa = PBXNativeTarget; buildConfigurationList = 000000000000000000000016; buildPhases = (000000000000000000000014); buildRules = (); dependencies = (00000000000000000000001A); name = AuxiloCompanionUITests; productName = AuxiloCompanionUITests; productReference = 000000000000000000000011; productType = "com.apple.product-type.bundle.ui-testing"; };
000000000000000000000019 = { isa = PBXContainerItemProxy; containerPortal = 000000000000000000000001; proxyType = 1; remoteGlobalIDString = 00000000000000000000000A; remoteInfo = AuxiloCompanion; };
00000000000000000000001A = { isa = PBXTargetDependency; target = 00000000000000000000000A; targetProxy = 000000000000000000000019; };
000000000000000000000017 = { isa = XCBuildConfiguration; name = Debug; buildSettings = { GENERATE_INFOPLIST_FILE = YES; PRODUCT_BUNDLE_IDENTIFIER = com.digitalsandboxlabs.auxilo.uitests; PRODUCT_NAME = "$(TARGET_NAME)"; TEST_TARGET_NAME = AuxiloCompanion; CODE_SIGN_STYLE = Automatic; DEVELOPMENT_TEAM = 4873VMS3TY; TARGETED_DEVICE_FAMILY = "1,2"; }; };
000000000000000000000018 = { isa = XCBuildConfiguration; name = Release; buildSettings = { GENERATE_INFOPLIST_FILE = YES; PRODUCT_BUNDLE_IDENTIFIER = com.digitalsandboxlabs.auxilo.uitests; PRODUCT_NAME = "$(TARGET_NAME)"; TEST_TARGET_NAME = AuxiloCompanion; CODE_SIGN_STYLE = Automatic; DEVELOPMENT_TEAM = 4873VMS3TY; TARGETED_DEVICE_FAMILY = "1,2"; }; };
00000000000000000000001B = { isa = PBXFileReference; lastKnownFileType = folder.assetcatalog; path = Assets.xcassets; sourceTree = "<group>"; };
00000000000000000000001C = { isa = PBXBuildFile; fileRef = 00000000000000000000001B; };
}; rootObject = 000000000000000000000001; }
